
Microsoft Visual Studio Solution File, Format Version 12.00
# Visual Studio Version 17
VisualStudioVersion = 17.4.33110.190
MinimumVisualStudioVersion = 10.0.40219.1
Project("{9A19103F-16F7-4668-BE54-9A1E7A4F7556}") = "Customer.API", "Customer.API.csproj", "{A2506B66-30B3-4D7C-AF27-DA799193D617}"
EndProject
Global
	GlobalSection(SolutionConfigurationPlatforms) = preSolution
		Debug|Any CPU = Debug|Any CPU
		Release|Any CPU = Release|Any CPU
	EndGlobalSection
	GlobalSection(ProjectConfigurationPlatforms) = postSolution
		{A2506B66-30B3-4D7C-AF27-DA799193D617}.Debug|Any CPU.ActiveCfg = Debug|Any CPU
		{A2506B66-30B3-4D7C-AF27-DA799193D617}.Debug|Any CPU.Build.0 = Debug|Any CPU
		{A2506B66-30B3-4D7C-AF27-DA799193D617}.Release|Any CPU.ActiveCfg = Release|Any CPU
		{A2506B66-30B3-4D7C-AF27-DA799193D617}.Release|Any CPU.Build.0 = Release|Any CPU
	EndGlobalSection
	GlobalSection(SolutionProperties) = preSolution
		HideSolutionNode = FALSE
	EndGlobalSection
	GlobalSection(ExtensibilityGlobals) = postSolution
		SolutionGuid = {4AA8EE19-F0F9-4848-B8C3-8A2337912720}
	EndGlobalSection
EndGlobal
