
Microsoft Visual Studio Solution File, Format Version 12.00
# Visual Studio Version 17
VisualStudioVersion = 17.4.33110.190
MinimumVisualStudioVersion = 10.0.40219.1
Project("{2150E333-8FDC-42A3-9474-1A3956D46DE8}") = "Services", "Services", "{EA3B01AC-D553-4216-A3CD-B6450EFBF422}"
EndProject
Project("{2150E333-8FDC-42A3-9474-1A3956D46DE8}") = "Catalog", "Catalog", "{D0EFBC6D-94BC-4451-A280-FB96BCE34A9A}"
EndProject
Project("{9A19103F-16F7-4668-BE54-9A1E7A4F7556}") = "Catalog.API", "Services\Catalog\Catalog.API\Catalog.API.csproj", "{D6D9BE3A-60D3-43F4-B7BF-80283AFA4418}"
EndProject
Project("{E53339B2-1760-4266-BCC7-CA923CBCF16C}") = "docker-compose", "docker-compose.dcproj", "{F7CE2252-3968-4101-8535-FAC943A9DBA4}"
EndProject
Project("{2150E333-8FDC-42A3-9474-1A3956D46DE8}") = "Prototype", "Prototype", "{553F25EC-E58E-489B-A8C3-5F9C0FF6E9C7}"
EndProject
Project("{2150E333-8FDC-42A3-9474-1A3956D46DE8}") = "ApiGateways", "ApiGateways", "{EF0B6891-2729-4894-A409-DF88788FC622}"
EndProject
Project("{9A19103F-16F7-4668-BE54-9A1E7A4F7556}") = "OcelotApiGw", "ApiGateways\OcelotApiGw\OcelotApiGw\OcelotApiGw.csproj", "{7992D308-4FDA-4B89-B3B6-F416F79C5883}"
EndProject
Project("{2150E333-8FDC-42A3-9474-1A3956D46DE8}") = "Basket", "Basket", "{86853BFE-12E8-483A-89EE-CCF680462DF0}"
EndProject
Project("{9A19103F-16F7-4668-BE54-9A1E7A4F7556}") = "Basket.API", "Services\Basket\Basket.API\Basket.API.csproj", "{78D13C42-B7EC-4711-A630-164BED525DDA}"
EndProject
Project("{2150E333-8FDC-42A3-9474-1A3956D46DE8}") = "BuildingBlocks", "BuildingBlocks", "{84589148-E9D3-4685-B89F-EFE9AAFDD1F2}"
EndProject
Project("{9A19103F-16F7-4668-BE54-9A1E7A4F7556}") = "EventBus.Messages", "BuildingBlocks\EventBus.Messages\EventBus.Messages.csproj", "{AA756CA2-E02F-4054-BC2C-255F3A4DE36E}"
EndProject
Project("{2150E333-8FDC-42A3-9474-1A3956D46DE8}") = "Common.Logging", "Common.Logging", "{D50200E1-45E6-43BA-B740-9A30B4EAACA2}"
EndProject
Project("{2150E333-8FDC-42A3-9474-1A3956D46DE8}") = "WebClientApp", "WebClientApp", "{2121806E-4896-4B73-AD8D-ACF0139937C6}"
EndProject
Project("{2150E333-8FDC-42A3-9474-1A3956D46DE8}") = "Ident", "Ident", "{A11E2B1A-31EF-4325-831F-05B275556410}"
EndProject
Project("{9A19103F-16F7-4668-BE54-9A1E7A4F7556}") = "EsparkIndent.Server", "Ident\EsparkIndent.Server\EsparkIndent.Server.csproj", "{1C54FEBA-4F01-471C-AAE9-D1A74B9DC639}"
EndProject
Global
	GlobalSection(SolutionConfigurationPlatforms) = preSolution
		Debug|Any CPU = Debug|Any CPU
		Release|Any CPU = Release|Any CPU
	EndGlobalSection
	GlobalSection(ProjectConfigurationPlatforms) = postSolution
		{D6D9BE3A-60D3-43F4-B7BF-80283AFA4418}.Debug|Any CPU.ActiveCfg = Debug|Any CPU
		{D6D9BE3A-60D3-43F4-B7BF-80283AFA4418}.Debug|Any CPU.Build.0 = Debug|Any CPU
		{D6D9BE3A-60D3-43F4-B7BF-80283AFA4418}.Release|Any CPU.ActiveCfg = Release|Any CPU
		{D6D9BE3A-60D3-43F4-B7BF-80283AFA4418}.Release|Any CPU.Build.0 = Release|Any CPU
		{F7CE2252-3968-4101-8535-FAC943A9DBA4}.Debug|Any CPU.ActiveCfg = Debug|Any CPU
		{F7CE2252-3968-4101-8535-FAC943A9DBA4}.Debug|Any CPU.Build.0 = Debug|Any CPU
		{F7CE2252-3968-4101-8535-FAC943A9DBA4}.Release|Any CPU.ActiveCfg = Release|Any CPU
		{F7CE2252-3968-4101-8535-FAC943A9DBA4}.Release|Any CPU.Build.0 = Release|Any CPU
		{7992D308-4FDA-4B89-B3B6-F416F79C5883}.Debug|Any CPU.ActiveCfg = Debug|Any CPU
		{7992D308-4FDA-4B89-B3B6-F416F79C5883}.Debug|Any CPU.Build.0 = Debug|Any CPU
		{7992D308-4FDA-4B89-B3B6-F416F79C5883}.Release|Any CPU.ActiveCfg = Release|Any CPU
		{7992D308-4FDA-4B89-B3B6-F416F79C5883}.Release|Any CPU.Build.0 = Release|Any CPU
		{78D13C42-B7EC-4711-A630-164BED525DDA}.Debug|Any CPU.ActiveCfg = Debug|Any CPU
		{78D13C42-B7EC-4711-A630-164BED525DDA}.Debug|Any CPU.Build.0 = Debug|Any CPU
		{78D13C42-B7EC-4711-A630-164BED525DDA}.Release|Any CPU.ActiveCfg = Release|Any CPU
		{78D13C42-B7EC-4711-A630-164BED525DDA}.Release|Any CPU.Build.0 = Release|Any CPU
		{AA756CA2-E02F-4054-BC2C-255F3A4DE36E}.Debug|Any CPU.ActiveCfg = Debug|Any CPU
		{AA756CA2-E02F-4054-BC2C-255F3A4DE36E}.Debug|Any CPU.Build.0 = Debug|Any CPU
		{AA756CA2-E02F-4054-BC2C-255F3A4DE36E}.Release|Any CPU.ActiveCfg = Release|Any CPU
		{AA756CA2-E02F-4054-BC2C-255F3A4DE36E}.Release|Any CPU.Build.0 = Release|Any CPU
		{1C54FEBA-4F01-471C-AAE9-D1A74B9DC639}.Debug|Any CPU.ActiveCfg = Debug|Any CPU
		{1C54FEBA-4F01-471C-AAE9-D1A74B9DC639}.Debug|Any CPU.Build.0 = Debug|Any CPU
		{1C54FEBA-4F01-471C-AAE9-D1A74B9DC639}.Release|Any CPU.ActiveCfg = Release|Any CPU
		{1C54FEBA-4F01-471C-AAE9-D1A74B9DC639}.Release|Any CPU.Build.0 = Release|Any CPU
	EndGlobalSection
	GlobalSection(SolutionProperties) = preSolution
		HideSolutionNode = FALSE
	EndGlobalSection
	GlobalSection(NestedProjects) = preSolution
		{D0EFBC6D-94BC-4451-A280-FB96BCE34A9A} = {EA3B01AC-D553-4216-A3CD-B6450EFBF422}
		{D6D9BE3A-60D3-43F4-B7BF-80283AFA4418} = {D0EFBC6D-94BC-4451-A280-FB96BCE34A9A}
		{7992D308-4FDA-4B89-B3B6-F416F79C5883} = {EF0B6891-2729-4894-A409-DF88788FC622}
		{86853BFE-12E8-483A-89EE-CCF680462DF0} = {EA3B01AC-D553-4216-A3CD-B6450EFBF422}
		{78D13C42-B7EC-4711-A630-164BED525DDA} = {86853BFE-12E8-483A-89EE-CCF680462DF0}
		{AA756CA2-E02F-4054-BC2C-255F3A4DE36E} = {84589148-E9D3-4685-B89F-EFE9AAFDD1F2}
		{D50200E1-45E6-43BA-B740-9A30B4EAACA2} = {84589148-E9D3-4685-B89F-EFE9AAFDD1F2}
		{1C54FEBA-4F01-471C-AAE9-D1A74B9DC639} = {A11E2B1A-31EF-4325-831F-05B275556410}
	EndGlobalSection
	GlobalSection(ExtensibilityGlobals) = postSolution
		SolutionGuid = {11877BE3-12D8-484A-A5AE-40FA17A62C62}
	EndGlobalSection
EndGlobal
