
Microsoft Visual Studio Solution File, Format Version 12.00
# Visual Studio Version 17
VisualStudioVersion = 17.6.33712.159
MinimumVisualStudioVersion = 10.0.40219.1
Project("{FAE04EC0-301F-11D3-BF4B-00C04F79EFBC}") = "WebHookTest", "WebHookTest\WebHookTest.csproj", "{401B7999-199D-474B-AFA9-95E296DA54E9}"
EndProject
Global
	GlobalSection(SolutionConfigurationPlatforms) = preSolution
		Debug|Any CPU = Debug|Any CPU
		Release|Any CPU = Release|Any CPU
	EndGlobalSection
	GlobalSection(ProjectConfigurationPlatforms) = postSolution
		{401B7999-199D-474B-AFA9-95E296DA54E9}.Debug|Any CPU.ActiveCfg = Debug|Any CPU
		{401B7999-199D-474B-AFA9-95E296DA54E9}.Debug|Any CPU.Build.0 = Debug|Any CPU
		{401B7999-199D-474B-AFA9-95E296DA54E9}.Release|Any CPU.ActiveCfg = Release|Any CPU
		{401B7999-199D-474B-AFA9-95E296DA54E9}.Release|Any CPU.Build.0 = Release|Any CPU
	EndGlobalSection
	GlobalSection(SolutionProperties) = preSolution
		HideSolutionNode = FALSE
	EndGlobalSection
	GlobalSection(ExtensibilityGlobals) = postSolution
		SolutionGuid = {E199B34A-B9AC-423D-B660-08BD9D05C934}
	EndGlobalSection
EndGlobal
